// !$*UTF8*$!
{
	archiveVersion = 1;
	classes = {
	};
	objectVersion = 54;
	objects = {

/* Begin PBXBuildFile section */
		D511A27128A1C12A008D6E69 /* AppDelegate.swift in Sources */ = {isa = PBXBuildFile; fileRef = D511A27028A1C12A008D6E69 /* AppDelegate.swift */; };
		D511A27328A1C12A008D6E69 /* SceneDelegate.swift in Sources */ = {isa = PBXBuildFile; fileRef = D511A27228A1C12A008D6E69 /* SceneDelegate.swift */; };
		D511A27528A1C12A008D6E69 /* ViewController.swift in Sources */ = {isa = PBXBuildFile; fileRef = D511A27428A1C12A008D6E69 /* ViewController.swift */; };
		D511A27828A1C12A008D6E69 /* Main.storyboard in Resources */ = {isa = PBXBuildFile; fileRef = D511A27628A1C12A008D6E69 /* Main.storyboard */; };
		D511A27A28A1C12C008D6E69 /* Assets.xcassets in Resources */ = {isa = PBXBuildFile; fileRef = D511A27928A1C12C008D6E69 /* Assets.xcassets */; };
		D511A27D28A1C12C008D6E69 /* LaunchScreen.storyboard in Resources */ = {isa = PBXBuildFile; fileRef = D511A27B28A1C12C008D6E69 /* LaunchScreen.storyboard */; };
		D530DF7928A6A1F200AE6967 /* InformationView.xib in Resources */ = {isa = PBXBuildFile; fileRef = D530DF7828A6A1F200AE6967 /* InformationView.xib */; };
		D530DF7B28A6A20C00AE6967 /* InformationView.swift in Sources */ = {isa = PBXBuildFile; fileRef = D530DF7A28A6A20C00AE6967 /* InformationView.swift */; };
		D530DF7E28A6A6A300AE6967 /* InputValueTableViewCell.swift in Sources */ = {isa = PBXBuildFile; fileRef = D530DF7C28A6A6A300AE6967 /* InputValueTableViewCell.swift */; };
		D530DF7F28A6A6A300AE6967 /* InputValueTableViewCell.xib in Resources */ = {isa = PBXBuildFile; fileRef = D530DF7D28A6A6A300AE6967 /* InputValueTableViewCell.xib */; };
		D530DF8128A6B9F400AE6967 /* EnterFinancialValueViewController.swift in Sources */ = {isa = PBXBuildFile; fileRef = D530DF8028A6B9F400AE6967 /* EnterFinancialValueViewController.swift */; };
		D530DF8328A6BA0C00AE6967 /* FinancialManager.storyboard in Resources */ = {isa = PBXBuildFile; fileRef = D530DF8228A6BA0C00AE6967 /* FinancialManager.storyboard */; };
		D530DF8528A6CE8C00AE6967 /* ExitFinancialValueViewController.swift in Sources */ = {isa = PBXBuildFile; fileRef = D530DF8428A6CE8C00AE6967 /* ExitFinancialValueViewController.swift */; };
		D530DF8728A7013A00AE6967 /* ValueView.xib in Resources */ = {isa = PBXBuildFile; fileRef = D530DF8628A7013A00AE6967 /* ValueView.xib */; };
		D530DF8928A701D700AE6967 /* ValueView.swift in Sources */ = {isa = PBXBuildFile; fileRef = D530DF8828A701D700AE6967 /* ValueView.swift */; };
		D530DF8B28A708B200AE6967 /* ExitValueViewController.swift in Sources */ = {isa = PBXBuildFile; fileRef = D530DF8A28A708B200AE6967 /* ExitValueViewController.swift */; };
		D530DF8D28A714F700AE6967 /* EntryValueViewController.swift in Sources */ = {isa = PBXBuildFile; fileRef = D530DF8C28A714F700AE6967 /* EntryValueViewController.swift */; };
		D592293628A479BA001A3762 /* HomeViewController.swift in Sources */ = {isa = PBXBuildFile; fileRef = D592293528A479BA001A3762 /* HomeViewController.swift */; };
		D592293828A479DB001A3762 /* Home.storyboard in Resources */ = {isa = PBXBuildFile; fileRef = D592293728A479DB001A3762 /* Home.storyboard */; };
		D592293A28A482BA001A3762 /* ValuesManagerView.xib in Resources */ = {isa = PBXBuildFile; fileRef = D592293928A482BA001A3762 /* ValuesManagerView.xib */; };
		D592293C28A482CC001A3762 /* ValuesManagerView.swift in Sources */ = {isa = PBXBuildFile; fileRef = D592293B28A482CC001A3762 /* ValuesManagerView.swift */; };
/* End PBXBuildFile section */

/* Begin PBXFileReference section */
		D511A26D28A1C12A008D6E69 /* SeguraeApp.app */ = {isa = PBXFileReference; explicitFileType = wrapper.application; includeInIndex = 0; path = SeguraeApp.app; sourceTree = BUILT_PRODUCTS_DIR; };
		D511A27028A1C12A008D6E69 /* AppDelegate.swift */ = {isa = PBXFileReference; lastKnownFileType = sourcecode.swift; path = AppDelegate.swift; sourceTree = "<group>"; };
		D511A27228A1C12A008D6E69 /* SceneDelegate.swift */ = {isa = PBXFileReference; lastKnownFileType = sourcecode.swift; path = SceneDelegate.swift; sourceTree = "<group>"; };
		D511A27428A1C12A008D6E69 /* ViewController.swift */ = {isa = PBXFileReference; lastKnownFileType = sourcecode.swift; path = ViewController.swift; sourceTree = "<group>"; };
		D511A27728A1C12A008D6E69 /* Base */ = {isa = PBXFileReference; lastKnownFileType = file.storyboard; name = Base; path = Base.lproj/Main.storyboard; sourceTree = "<group>"; };
		D511A27928A1C12C008D6E69 /* Assets.xcassets */ = {isa = PBXFileReference; lastKnownFileType = folder.assetcatalog; path = Assets.xcassets; sourceTree = "<group>"; };
		D511A27C28A1C12C008D6E69 /* Base */ = {isa = PBXFileReference; lastKnownFileType = file.storyboard; name = Base; path = Base.lproj/LaunchScreen.storyboard; sourceTree = "<group>"; };
		D511A27E28A1C12C008D6E69 /* Info.plist */ = {isa = PBXFileReference; lastKnownFileType = text.plist.xml; path = Info.plist; sourceTree = "<group>"; };
		D530DF7828A6A1F200AE6967 /* InformationView.xib */ = {isa = PBXFileReference; lastKnownFileType = file.xib; path = InformationView.xib; sourceTree = "<group>"; };
		D530DF7A28A6A20C00AE6967 /* InformationView.swift */ = {isa = PBXFileReference; lastKnownFileType = sourcecode.swift; path = InformationView.swift; sourceTree = "<group>"; };
		D530DF7C28A6A6A300AE6967 /* InputValueTableViewCell.swift */ = {isa = PBXFileReference; lastKnownFileType = sourcecode.swift; path = InputValueTableViewCell.swift; sourceTree = "<group>"; };
		D530DF7D28A6A6A300AE6967 /* InputValueTableViewCell.xib */ = {isa = PBXFileReference; lastKnownFileType = file.xib; path = InputValueTableViewCell.xib; sourceTree = "<group>"; };
		D530DF8028A6B9F400AE6967 /* EnterFinancialValueViewController.swift */ = {isa = PBXFileReference; lastKnownFileType = sourcecode.swift; path = EnterFinancialValueViewController.swift; sourceTree = "<group>"; };
		D530DF8228A6BA0C00AE6967 /* FinancialManager.storyboard */ = {isa = PBXFileReference; lastKnownFileType = file.storyboard; path = FinancialManager.storyboard; sourceTree = "<group>"; };
		D530DF8428A6CE8C00AE6967 /* ExitFinancialValueViewController.swift */ = {isa = PBXFileReference; lastKnownFileType = sourcecode.swift; path = ExitFinancialValueViewController.swift; sourceTree = "<group>"; };
		D530DF8628A7013A00AE6967 /* ValueView.xib */ = {isa = PBXFileReference; lastKnownFileType = file.xib; path = ValueView.xib; sourceTree = "<group>"; };
		D530DF8828A701D700AE6967 /* ValueView.swift */ = {isa = PBXFileReference; lastKnownFileType = sourcecode.swift; path = ValueView.swift; sourceTree = "<group>"; };
		D530DF8A28A708B200AE6967 /* ExitValueViewController.swift */ = {isa = PBXFileReference; lastKnownFileType = sourcecode.swift; path = ExitValueViewController.swift; sourceTree = "<group>"; };
		D530DF8C28A714F700AE6967 /* EntryValueViewController.swift */ = {isa = PBXFileReference; lastKnownFileType = sourcecode.swift; path = EntryValueViewController.swift; sourceTree = "<group>"; };
		D592293528A479BA001A3762 /* HomeViewController.swift */ = {isa = PBXFileReference; lastKnownFileType = sourcecode.swift; path = HomeViewController.swift; sourceTree = "<group>"; };
		D592293728A479DB001A3762 /* Home.storyboard */ = {isa = PBXFileReference; lastKnownFileType = file.storyboard; path = Home.storyboard; sourceTree = "<group>"; };
		D592293928A482BA001A3762 /* ValuesManagerView.xib */ = {isa = PBXFileReference; lastKnownFileType = file.xib; path = ValuesManagerView.xib; sourceTree = "<group>"; };
		D592293B28A482CC001A3762 /* ValuesManagerView.swift */ = {isa = PBXFileReference; lastKnownFileType = sourcecode.swift; path = ValuesManagerView.swift; sourceTree = "<group>"; };
/* End PBXFileReference section */

/* Begin PBXFrameworksBuildPhase section */
		D511A26A28A1C12A008D6E69 /* Frameworks */ = {
			isa = PBXFrameworksBuildPhase;
			buildActionMask = 2147483647;
			files = (
			);
			runOnlyForDeploymentPostprocessing = 0;
		};
/* End PBXFrameworksBuildPhase section */

/* Begin PBXGroup section */
		D511A26428A1C129008D6E69 = {
			isa = PBXGroup;
			children = (
				D511A26F28A1C12A008D6E69 /* SeguraeApp */,
				D511A26E28A1C12A008D6E69 /* Products */,
			);
			sourceTree = "<group>";
		};
		D511A26E28A1C12A008D6E69 /* Products */ = {
			isa = PBXGroup;
			children = (
				D511A26D28A1C12A008D6E69 /* SeguraeApp.app */,
			);
			name = Products;
			sourceTree = "<group>";
		};
		D511A26F28A1C12A008D6E69 /* SeguraeApp */ = {
			isa = PBXGroup;
			children = (
				D530DF7728A6A13400AE6967 /* FinancialManager */,
				D592293428A47972001A3762 /* Home */,
				D511A27028A1C12A008D6E69 /* AppDelegate.swift */,
				D511A27228A1C12A008D6E69 /* SceneDelegate.swift */,
				D511A27428A1C12A008D6E69 /* ViewController.swift */,
				D511A27628A1C12A008D6E69 /* Main.storyboard */,
				D511A27928A1C12C008D6E69 /* Assets.xcassets */,
				D511A27B28A1C12C008D6E69 /* LaunchScreen.storyboard */,
				D511A27E28A1C12C008D6E69 /* Info.plist */,
			);
			path = SeguraeApp;
			sourceTree = "<group>";
		};
		D530DF7728A6A13400AE6967 /* FinancialManager */ = {
			isa = PBXGroup;
			children = (
				D530DF8228A6BA0C00AE6967 /* FinancialManager.storyboard */,
				D530DF8A28A708B200AE6967 /* ExitValueViewController.swift */,
				D530DF8028A6B9F400AE6967 /* EnterFinancialValueViewController.swift */,
				D530DF8428A6CE8C00AE6967 /* ExitFinancialValueViewController.swift */,
				D530DF7828A6A1F200AE6967 /* InformationView.xib */,
				D530DF7A28A6A20C00AE6967 /* InformationView.swift */,
				D530DF7D28A6A6A300AE6967 /* InputValueTableViewCell.xib */,
				D530DF7C28A6A6A300AE6967 /* InputValueTableViewCell.swift */,
				D530DF8628A7013A00AE6967 /* ValueView.xib */,
				D530DF8828A701D700AE6967 /* ValueView.swift */,
				D530DF8C28A714F700AE6967 /* EntryValueViewController.swift */,
			);
			path = FinancialManager;
			sourceTree = "<group>";
		};
		D592293428A47972001A3762 /* Home */ = {
			isa = PBXGroup;
			children = (
				D592293728A479DB001A3762 /* Home.storyboard */,
				D592293528A479BA001A3762 /* HomeViewController.swift */,
				D592293928A482BA001A3762 /* ValuesManagerView.xib */,
				D592293B28A482CC001A3762 /* ValuesManagerView.swift */,
			);
			path = Home;
			sourceTree = "<group>";
		};
/* End PBXGroup section */

/* Begin PBXNativeTarget section */
		D511A26C28A1C12A008D6E69 /* SeguraeApp */ = {
			isa = PBXNativeTarget;
			buildConfigurationList = D511A28128A1C12C008D6E69 /* Build configuration list for PBXNativeTarget "SeguraeApp" */;
			buildPhases = (
				D511A26928A1C12A008D6E69 /* Sources */,
				D511A26A28A1C12A008D6E69 /* Frameworks */,
				D511A26B28A1C12A008D6E69 /* Resources */,
			);
			buildRules = (
			);
			dependencies = (
			);
			name = SeguraeApp;
			productName = SeguraeApp;
			productReference = D511A26D28A1C12A008D6E69 /* SeguraeApp.app */;
			productType = "com.apple.product-type.application";
		};
/* End PBXNativeTarget section */

/* Begin PBXProject section */
		D511A26528A1C129008D6E69 /* Project object */ = {
			isa = PBXProject;
			attributes = {
				BuildIndependentTargetsInParallel = 1;
				LastSwiftUpdateCheck = 1340;
				LastUpgradeCheck = 1340;
				TargetAttributes = {
					D511A26C28A1C12A008D6E69 = {
						CreatedOnToolsVersion = 13.4.1;
					};
				};
			};
			buildConfigurationList = D511A26828A1C129008D6E69 /* Build configuration list for PBXProject "SeguraeApp" */;
			compatibilityVersion = "Xcode 12.0";
			developmentRegion = en;
			hasScannedForEncodings = 0;
			knownRegions = (
				en,
				Base,
			);
			mainGroup = D511A26428A1C129008D6E69;
			productRefGroup = D511A26E28A1C12A008D6E69 /* Products */;
			projectDirPath = "";
			projectRoot = "";
			targets = (
				D511A26C28A1C12A008D6E69 /* SeguraeApp */,
			);
		};
/* End PBXProject section */

/* Begin PBXResourcesBuildPhase section */
		D511A26B28A1C12A008D6E69 /* Resources */ = {
			isa = PBXResourcesBuildPhase;
			buildActionMask = 2147483647;
			files = (
				D530DF8728A7013A00AE6967 /* ValueView.xib in Resources */,
				D592293A28A482BA001A3762 /* ValuesManagerView.xib in Resources */,
				D530DF7F28A6A6A300AE6967 /* InputValueTableViewCell.xib in Resources */,
				D530DF8328A6BA0C00AE6967 /* FinancialManager.storyboard in Resources */,
				D511A27D28A1C12C008D6E69 /* LaunchScreen.storyboard in Resources */,
				D511A27A28A1C12C008D6E69 /* Assets.xcassets in Resources */,
				D530DF7928A6A1F200AE6967 /* InformationView.xib in Resources */,
				D511A27828A1C12A008D6E69 /* Main.storyboard in Resources */,
				D592293828A479DB001A3762 /* Home.storyboard in Resources */,
			);
			runOnlyForDeploymentPostprocessing = 0;
		};
/* End PBXResourcesBuildPhase section */

/* Begin PBXSourcesBuildPhase section */
		D511A26928A1C12A008D6E69 /* Sources */ = {
			isa = PBXSourcesBuildPhase;
			buildActionMask = 2147483647;
			files = (
				D511A27528A1C12A008D6E69 /* ViewController.swift in Sources */,
				D511A27128A1C12A008D6E69 /* AppDelegate.swift in Sources */,
				D530DF8B28A708B200AE6967 /* ExitValueViewController.swift in Sources */,
				D511A27328A1C12A008D6E69 /* SceneDelegate.swift in Sources */,
				D530DF8128A6B9F400AE6967 /* EnterFinancialValueViewController.swift in Sources */,
				D530DF7B28A6A20C00AE6967 /* InformationView.swift in Sources */,
				D530DF8528A6CE8C00AE6967 /* ExitFinancialValueViewController.swift in Sources */,
				D530DF8928A701D700AE6967 /* ValueView.swift in Sources */,
				D592293628A479BA001A3762 /* HomeViewController.swift in Sources */,
				D592293C28A482CC001A3762 /* ValuesManagerView.swift in Sources */,
				D530DF7E28A6A6A300AE6967 /* InputValueTableViewCell.swift in Sources */,
				D530DF8D28A714F700AE6967 /* EntryValueViewController.swift in Sources */,
			);
			runOnlyForDeploymentPostprocessing = 0;
		};
/* End PBXSourcesBuildPhase section */

/* Begin PBXVariantGroup section */
		D511A27628A1C12A008D6E69 /* Main.storyboard */ = {
			isa = PBXVariantGroup;
			children = (
				D511A27728A1C12A008D6E69 /* Base */,
			);
			name = Main.storyboard;
			sourceTree = "<group>";
		};
		D511A27B28A1C12C008D6E69 /* LaunchScreen.storyboard */ = {
			isa = PBXVariantGroup;
			children = (
				D511A27C28A1C12C008D6E69 /* Base */,
			);
			name = LaunchScreen.storyboard;
			sourceTree = "<group>";
		};
/* End PBXVariantGroup section */

/* Begin XCBuildConfiguration section */
		D511A27F28A1C12C008D6E69 /* Debug */ = {
			isa = XCBuildConfiguration;
			buildSettings = {
				ALWAYS_SEARCH_USER_PATHS = NO;
				CLANG_ANALYZER_NONNULL = YES;
				CLANG_ANALYZER_NUMBER_OBJECT_CONVERSION = YES_AGGRESSIVE;
				CLANG_CXX_LANGUAGE_STANDARD = "gnu++17";
				CLANG_ENABLE_MODULES = YES;
				CLANG_ENABLE_OBJC_ARC = YES;
				CLANG_ENABLE_OBJC_WEAK = YES;
				CLANG_WARN_BLOCK_CAPTURE_AUTORELEASING = YES;
				CLANG_WARN_BOOL_CONVERSION = YES;
				CLANG_WARN_COMMA = YES;
				CLANG_WARN_CONSTANT_CONVERSION = YES;
				CLANG_WARN_DEPRECATED_OBJC_IMPLEMENTATIONS = YES;
				CLANG_WARN_DIRECT_OBJC_ISA_USAGE = YES_ERROR;
				CLANG_WARN_DOCUMENTATION_COMMENTS = YES;
				CLANG_WARN_EMPTY_BODY = YES;
				CLANG_WARN_ENUM_CONVERSION = YES;
				CLANG_WARN_INFINITE_RECURSION = YES;
				CLANG_WARN_INT_CONVERSION = YES;
				CLANG_WARN_NON_LITERAL_NULL_CONVERSION = YES;
				CLANG_WARN_OBJC_IMPLICIT_RETAIN_SELF = YES;
				CLANG_WARN_OBJC_LITERAL_CONVERSION = YES;
				CLANG_WARN_OBJC_ROOT_CLASS = YES_ERROR;
				CLANG_WARN_QUOTED_INCLUDE_IN_FRAMEWORK_HEADER = YES;
				CLANG_WARN_RANGE_LOOP_ANALYSIS = YES;
				CLANG_WARN_STRICT_PROTOTYPES = YES;
				CLANG_WARN_SUSPICIOUS_MOVE = YES;
				CLANG_WARN_UNGUARDED_AVAILABILITY = YES_AGGRESSIVE;
				CLANG_WARN_UNREACHABLE_CODE = YES;
				CLANG_WARN__DUPLICATE_METHOD_MATCH = YES;
				COPY_PHASE_STRIP = NO;
				DEBUG_INFORMATION_FORMAT = dwarf;
				ENABLE_STRICT_OBJC_MSGSEND = YES;
				ENABLE_TESTABILITY = YES;
				GCC_C_LANGUAGE_STANDARD = gnu11;
				GCC_DYNAMIC_NO_PIC = NO;
				GCC_NO_COMMON_BLOCKS = YES;
				GCC_OPTIMIZATION_LEVEL = 0;
				GCC_PREPROCESSOR_DEFINITIONS = (
					"DEBUG=1",
					"$(inherited)",
				);
				GCC_WARN_64_TO_32_BIT_CONVERSION = YES;
				GCC_WARN_ABOUT_RETURN_TYPE = YES_ERROR;
				GCC_WARN_UNDECLARED_SELECTOR = YES;
				GCC_WARN_UNINITIALIZED_AUTOS = YES_AGGRESSIVE;
				GCC_WARN_UNUSED_FUNCTION = YES;
				GCC_WARN_UNUSED_VARIABLE = YES;
				IPHONEOS_DEPLOYMENT_TARGET = 15.5;
				MTL_ENABLE_DEBUG_INFO = INCLUDE_SOURCE;
				MTL_FAST_MATH = YES;
				ONLY_ACTIVE_ARCH = YES;
				SDKROOT = iphoneos;
				SWIFT_ACTIVE_COMPILATION_CONDITIONS = DEBUG;
				SWIFT_OPTIMIZATION_LEVEL = "-Onone";
			};
			name = Debug;
		};
		D511A28028A1C12C008D6E69 /* Release */ = {
			isa = XCBuildConfiguration;
			buildSettings = {
				ALWAYS_SEARCH_USER_PATHS = NO;
				CLANG_ANALYZER_NONNULL = YES;
				CLANG_ANALYZER_NUMBER_OBJECT_CONVERSION = YES_AGGRESSIVE;
				CLANG_CXX_LANGUAGE_STANDARD = "gnu++17";
				CLANG_ENABLE_MODULES = YES;
				CLANG_ENABLE_OBJC_ARC = YES;
				CLANG_ENABLE_OBJC_WEAK = YES;
				CLANG_WARN_BLOCK_CAPTURE_AUTORELEASING = YES;
				CLANG_WARN_BOOL_CONVERSION = YES;
				CLANG_WARN_COMMA = YES;
				CLANG_WARN_CONSTANT_CONVERSION = YES;
				CLANG_WARN_DEPRECATED_OBJC_IMPLEMENTATIONS = YES;
				CLANG_WARN_DIRECT_OBJC_ISA_USAGE = YES_ERROR;
				CLANG_WARN_DOCUMENTATION_COMMENTS = YES;
				CLANG_WARN_EMPTY_BODY = YES;
				CLANG_WARN_ENUM_CONVERSION = YES;
				CLANG_WARN_INFINITE_RECURSION = YES;
				CLANG_WARN_INT_CONVERSION = YES;
				CLANG_WARN_NON_LITERAL_NULL_CONVERSION = YES;
				CLANG_WARN_OBJC_IMPLICIT_RETAIN_SELF = YES;
				CLANG_WARN_OBJC_LITERAL_CONVERSION = YES;
				CLANG_WARN_OBJC_ROOT_CLASS = YES_ERROR;
				CLANG_WARN_QUOTED_INCLUDE_IN_FRAMEWORK_HEADER = YES;
				CLANG_WARN_RANGE_LOOP_ANALYSIS = YES;
				CLANG_WARN_STRICT_PROTOTYPES = YES;
				CLANG_WARN_SUSPICIOUS_MOVE = YES;
				CLANG_WARN_UNGUARDED_AVAILABILITY = YES_AGGRESSIVE;
				CLANG_WARN_UNREACHABLE_CODE = YES;
				CLANG_WARN__DUPLICATE_METHOD_MATCH = YES;
				COPY_PHASE_STRIP = NO;
				DEBUG_INFORMATION_FORMAT = "dwarf-with-dsym";
				ENABLE_NS_ASSERTIONS = NO;
				ENABLE_STRICT_OBJC_MSGSEND = YES;
				GCC_C_LANGUAGE_STANDARD = gnu11;
				GCC_NO_COMMON_BLOCKS = YES;
				GCC_WARN_64_TO_32_BIT_CONVERSION = YES;
				GCC_WARN_ABOUT_RETURN_TYPE = YES_ERROR;
				GCC_WARN_UNDECLARED_SELECTOR = YES;
				GCC_WARN_UNINITIALIZED_AUTOS = YES_AGGRESSIVE;
				GCC_WARN_UNUSED_FUNCTION = YES;
				GCC_WARN_UNUSED_VARIABLE = YES;
				IPHONEOS_DEPLOYMENT_TARGET = 15.5;
				MTL_ENABLE_DEBUG_INFO = NO;
				MTL_FAST_MATH = YES;
				SDKROOT = iphoneos;
				SWIFT_COMPILATION_MODE = wholemodule;
				SWIFT_OPTIMIZATION_LEVEL = "-O";
				VALIDATE_PRODUCT = YES;
			};
			name = Release;
		};
		D511A28228A1C12C008D6E69 /* Debug */ = {
			isa = XCBuildConfiguration;
			buildSettings = {
				ASSETCATALOG_COMPILER_APPICON_NAME = AppIcon;
				ASSETCATALOG_COMPILER_GLOBAL_ACCENT_COLOR_NAME = AccentColor;
				CODE_SIGN_STYLE = Automatic;
				CURRENT_PROJECT_VERSION = 1;
				GENERATE_INFOPLIST_FILE = YES;
				INFOPLIST_FILE = SeguraeApp/Info.plist;
				INFOPLIST_KEY_UIApplicationSupportsIndirectInputEvents = YES;
				INFOPLIST_KEY_UILaunchStoryboardName = LaunchScreen;
				INFOPLIST_KEY_UIMainStoryboardFile = FinancialManager;
				INFOPLIST_KEY_UISupportedInterfaceOrientations_iPad = "UIInterfaceOrientationPortrait UIInterfaceOrientationPortraitUpsideDown UIInterfaceOrientationLandscapeLeft UIInterfaceOrientationLandscapeRight";
				INFOPLIST_KEY_UISupportedInterfaceOrientations_iPhone = "UIInterfaceOrientationPortrait UIInterfaceOrientationLandscapeLeft UIInterfaceOrientationLandscapeRight";
				LD_RUNPATH_SEARCH_PATHS = (
					"$(inherited)",
					"@executable_path/Frameworks",
				);
				MARKETING_VERSION = 1.0;
				PRODUCT_BUNDLE_IDENTIFIER = com.karoline.SeguraeApp;
				PRODUCT_NAME = "$(TARGET_NAME)";
				SWIFT_EMIT_LOC_STRINGS = YES;
				SWIFT_VERSION = 5.0;
				TARGETED_DEVICE_FAMILY = "1,2";
			};
			name = Debug;
		};
		D511A28328A1C12C008D6E69 /* Release */ = {
			isa = XCBuildConfiguration;
			buildSettings = {
				ASSETCATALOG_COMPILER_APPICON_NAME = AppIcon;
				ASSETCATALOG_COMPILER_GLOBAL_ACCENT_COLOR_NAME = AccentColor;
				CODE_SIGN_STYLE = Automatic;
				CURRENT_PROJECT_VERSION = 1;
				GENERATE_INFOPLIST_FILE = YES;
				INFOPLIST_FILE = SeguraeApp/Info.plist;
				INFOPLIST_KEY_UIApplicationSupportsIndirectInputEvents = YES;
				INFOPLIST_KEY_UILaunchStoryboardName = LaunchScreen;
				INFOPLIST_KEY_UIMainStoryboardFile = FinancialManager;
				INFOPLIST_KEY_UISupportedInterfaceOrientations_iPad = "UIInterfaceOrientationPortrait UIInterfaceOrientationPortraitUpsideDown UIInterfaceOrientationLandscapeLeft UIInterfaceOrientationLandscapeRight";
				INFOPLIST_KEY_UISupportedInterfaceOrientations_iPhone = "UIInterfaceOrientationPortrait UIInterfaceOrientationLandscapeLeft UIInterfaceOrientationLandscapeRight";
				LD_RUNPATH_SEARCH_PATHS = (
					"$(inherited)",
					"@executable_path/Frameworks",
				);
				MARKETING_VERSION = 1.0;
				PRODUCT_BUNDLE_IDENTIFIER = com.karoline.SeguraeApp;
				PRODUCT_NAME = "$(TARGET_NAME)";
				SWIFT_EMIT_LOC_STRINGS = YES;
				SWIFT_VERSION = 5.0;
				TARGETED_DEVICE_FAMILY = "1,2";
			};
			name = Release;
		};
/* End XCBuildConfiguration section */

/* Begin XCConfigurationList section */
		D511A26828A1C129008D6E69 /* Build configuration list for PBXProject "SeguraeApp" */ = {
			isa = XCConfigurationList;
			buildConfigurations = (
				D511A27F28A1C12C008D6E69 /* Debug */,
				D511A28028A1C12C008D6E69 /* Release */,
			);
			defaultConfigurationIsVisible = 0;
			defaultConfigurationName = Release;
		};
		D511A28128A1C12C008D6E69 /* Build configuration list for PBXNativeTarget "SeguraeApp" */ = {
			isa = XCConfigurationList;
			buildConfigurations = (
				D511A28228A1C12C008D6E69 /* Debug */,
				D511A28328A1C12C008D6E69 /* Release */,
			);
			defaultConfigurationIsVisible = 0;
			defaultConfigurationName = Release;
		};
/* End XCConfigurationList section */
	};
	rootObject = D511A26528A1C129008D6E69 /* Project object */;
}
