// !$*UTF8*$!
{
	archiveVersion = 1;
	classes = {
	};
	objectVersion = 54;
	objects = {

/* Begin PBXBuildFile section */
		462995075EC0932C4DCE9850 /* Pods_SeguraeApp.framework in Frameworks */ = {isa = PBXBuildFile; fileRef = 474CC8B839F78FFEF4E0BA9F /* Pods_SeguraeApp.framework */; };
		811A396028A953B40022AF82 /* CreateAccountViewController.swift in Sources */ = {isa = PBXBuildFile; fileRef = 811A395F28A953B40022AF82 /* CreateAccountViewController.swift */; };
		812E325528A98F7200A64934 /* PasswordRecoverViewController.swift in Sources */ = {isa = PBXBuildFile; fileRef = 812E325428A98F7200A64934 /* PasswordRecoverViewController.swift */; };
		81379DC328CFEC440085BC0E /* GoogleService-Info.plist in Resources */ = {isa = PBXBuildFile; fileRef = 81379DC228CFEC440085BC0E /* GoogleService-Info.plist */; };
		814982CE28E0913A002D5C85 /* ExpenseTableViewCellXIB.swift in Sources */ = {isa = PBXBuildFile; fileRef = 814982CC28E0913A002D5C85 /* ExpenseTableViewCellXIB.swift */; };
		8158025B28B50B8A006611A2 /* Expenses.storyboard in Resources */ = {isa = PBXBuildFile; fileRef = 8158025A28B50B8A006611A2 /* Expenses.storyboard */; };
		8158025E28B56310006611A2 /* CategoryCollectionViewCell.swift in Sources */ = {isa = PBXBuildFile; fileRef = 8158025C28B56310006611A2 /* CategoryCollectionViewCell.swift */; };
		8158025F28B56310006611A2 /* CategoryCollectionViewCell.xib in Resources */ = {isa = PBXBuildFile; fileRef = 8158025D28B56310006611A2 /* CategoryCollectionViewCell.xib */; };
		8158026128B56552006611A2 /* CategoryModel.swift in Sources */ = {isa = PBXBuildFile; fileRef = 8158026028B56552006611A2 /* CategoryModel.swift */; };
		8158026328B56864006611A2 /* ExpensesViewController.swift in Sources */ = {isa = PBXBuildFile; fileRef = 8158026228B56864006611A2 /* ExpensesViewController.swift */; };
		817B364728D7C64B00D3C874 /* SeguraeApp.xcdatamodeld in Sources */ = {isa = PBXBuildFile; fileRef = 817B364528D7C64B00D3C874 /* SeguraeApp.xcdatamodeld */; };
		817B364928D7C8F400D3C874 /* ViewControllerCoreData.swift in Sources */ = {isa = PBXBuildFile; fileRef = 817B364828D7C8F400D3C874 /* ViewControllerCoreData.swift */; };
		817B364B28D7D42100D3C874 /* ExpenseTableViewCell.swift in Sources */ = {isa = PBXBuildFile; fileRef = 817B364A28D7D42100D3C874 /* ExpenseTableViewCell.swift */; };
		81DD926328D143EE0059EE51 /* UserModel.swift in Sources */ = {isa = PBXBuildFile; fileRef = 81DD926228D143EE0059EE51 /* UserModel.swift */; };
		81E03B2028E50F8C00A51234 /* Service.swift in Sources */ = {isa = PBXBuildFile; fileRef = 81E03B1F28E50F8C00A51234 /* Service.swift */; };
		81E03B2228E50FDF00A51234 /* modelAPI.swift in Sources */ = {isa = PBXBuildFile; fileRef = 81E03B2128E50FDF00A51234 /* modelAPI.swift */; };
		81EEFFC028C5026A00064627 /* RegisterViewController.swift in Sources */ = {isa = PBXBuildFile; fileRef = 81EEFFBF28C5026A00064627 /* RegisterViewController.swift */; };
		81EEFFC228C504D500064627 /* LoginViewController.swift in Sources */ = {isa = PBXBuildFile; fileRef = 81EEFFC128C504D500064627 /* LoginViewController.swift */; };
		9A5F344E28A5BD9600EFA032 /* Config.storyboard in Resources */ = {isa = PBXBuildFile; fileRef = 9A5F344D28A5BD9600EFA032 /* Config.storyboard */; };
		9A7F1CCB28A7246100CD6FB9 /* ConfigViewController.swift in Sources */ = {isa = PBXBuildFile; fileRef = 9A7F1CCA28A7246100CD6FB9 /* ConfigViewController.swift */; };
		9AAD8E7528AB4BDF00385A3C /* GeneralModel.swift in Sources */ = {isa = PBXBuildFile; fileRef = 9AAD8E7428AB4BDF00385A3C /* GeneralModel.swift */; };
		9AAD8E7A28AB4C4A00385A3C /* ProfileTableViewCell.swift in Sources */ = {isa = PBXBuildFile; fileRef = 9AAD8E7828AB4C4A00385A3C /* ProfileTableViewCell.swift */; };
		9AAD8E7B28AB4C4A00385A3C /* ProfileTableViewCell.xib in Resources */ = {isa = PBXBuildFile; fileRef = 9AAD8E7928AB4C4A00385A3C /* ProfileTableViewCell.xib */; };
		9AAD8E7F28AB4F9F00385A3C /* SecurityTableViewCell.swift in Sources */ = {isa = PBXBuildFile; fileRef = 9AAD8E7D28AB4F9F00385A3C /* SecurityTableViewCell.swift */; };
		9AAD8E8028AB4F9F00385A3C /* SecurityTableViewCell.xib in Resources */ = {isa = PBXBuildFile; fileRef = 9AAD8E7E28AB4F9F00385A3C /* SecurityTableViewCell.xib */; };
		9AAD8E8528AB51CD00385A3C /* OthersOptionsTableViewCell.swift in Sources */ = {isa = PBXBuildFile; fileRef = 9AAD8E8328AB51CD00385A3C /* OthersOptionsTableViewCell.swift */; };
		9AAD8E8628AB51CD00385A3C /* OthersOptionsTableViewCell.xib in Resources */ = {isa = PBXBuildFile; fileRef = 9AAD8E8428AB51CD00385A3C /* OthersOptionsTableViewCell.xib */; };
		9AAD8E8C28AB54A600385A3C /* ExitTableViewCell.swift in Sources */ = {isa = PBXBuildFile; fileRef = 9AAD8E8A28AB54A600385A3C /* ExitTableViewCell.swift */; };
		9AAD8E8D28AB54A600385A3C /* ExitTableViewCell.xib in Resources */ = {isa = PBXBuildFile; fileRef = 9AAD8E8B28AB54A600385A3C /* ExitTableViewCell.xib */; };
		9AE5F15228B1C110004382F2 /* CurrentPasswordViewController.swift in Sources */ = {isa = PBXBuildFile; fileRef = 9AE5F15128B1C110004382F2 /* CurrentPasswordViewController.swift */; };
		9AE5F15628B1C7D2004382F2 /* NewPasswordViewController.swift in Sources */ = {isa = PBXBuildFile; fileRef = 9AE5F15528B1C7D2004382F2 /* NewPasswordViewController.swift */; };
		9AE5F15A28B1CA3A004382F2 /* ConfirmNewPasswordViewController.swift in Sources */ = {isa = PBXBuildFile; fileRef = 9AE5F15928B1CA3A004382F2 /* ConfirmNewPasswordViewController.swift */; };
		9AE5F15F28B1CE12004382F2 /* CreatePasswordViewController.swift in Sources */ = {isa = PBXBuildFile; fileRef = 9AE5F15E28B1CE12004382F2 /* CreatePasswordViewController.swift */; };
		9AE5F16228B1CECA004382F2 /* ConfirmPasswordViewController.swift in Sources */ = {isa = PBXBuildFile; fileRef = 9AE5F16128B1CECA004382F2 /* ConfirmPasswordViewController.swift */; };
		9AE5F16728B1D342004382F2 /* DeleteAllViewController.swift in Sources */ = {isa = PBXBuildFile; fileRef = 9AE5F16628B1D342004382F2 /* DeleteAllViewController.swift */; };
		D511A27128A1C12A008D6E69 /* AppDelegate.swift in Sources */ = {isa = PBXBuildFile; fileRef = D511A27028A1C12A008D6E69 /* AppDelegate.swift */; };
		D511A27328A1C12A008D6E69 /* SceneDelegate.swift in Sources */ = {isa = PBXBuildFile; fileRef = D511A27228A1C12A008D6E69 /* SceneDelegate.swift */; };
		D511A27828A1C12A008D6E69 /* LoginCreateAccount.storyboard in Resources */ = {isa = PBXBuildFile; fileRef = D511A27628A1C12A008D6E69 /* LoginCreateAccount.storyboard */; };
		D511A27A28A1C12C008D6E69 /* Assets.xcassets in Resources */ = {isa = PBXBuildFile; fileRef = D511A27928A1C12C008D6E69 /* Assets.xcassets */; };
		D511A27D28A1C12C008D6E69 /* LaunchScreen.storyboard in Resources */ = {isa = PBXBuildFile; fileRef = D511A27B28A1C12C008D6E69 /* LaunchScreen.storyboard */; };
		D530DF7928A6A1F200AE6967 /* InformationView.xib in Resources */ = {isa = PBXBuildFile; fileRef = D530DF7828A6A1F200AE6967 /* InformationView.xib */; };
		D530DF7B28A6A20C00AE6967 /* InformationView.swift in Sources */ = {isa = PBXBuildFile; fileRef = D530DF7A28A6A20C00AE6967 /* InformationView.swift */; };
		D530DF7E28A6A6A300AE6967 /* InputValueTableViewCell.swift in Sources */ = {isa = PBXBuildFile; fileRef = D530DF7C28A6A6A300AE6967 /* InputValueTableViewCell.swift */; };
		D530DF7F28A6A6A300AE6967 /* InputValueTableViewCell.xib in Resources */ = {isa = PBXBuildFile; fileRef = D530DF7D28A6A6A300AE6967 /* InputValueTableViewCell.xib */; };
		D530DF8128A6B9F400AE6967 /* EnterFinancialValueViewController.swift in Sources */ = {isa = PBXBuildFile; fileRef = D530DF8028A6B9F400AE6967 /* EnterFinancialValueViewController.swift */; };
		D530DF8328A6BA0C00AE6967 /* FinancialManager.storyboard in Resources */ = {isa = PBXBuildFile; fileRef = D530DF8228A6BA0C00AE6967 /* FinancialManager.storyboard */; };
		D530DF8528A6CE8C00AE6967 /* ExitFinancialValueViewController.swift in Sources */ = {isa = PBXBuildFile; fileRef = D530DF8428A6CE8C00AE6967 /* ExitFinancialValueViewController.swift */; };
		D530DF8728A7013A00AE6967 /* ValueView.xib in Resources */ = {isa = PBXBuildFile; fileRef = D530DF8628A7013A00AE6967 /* ValueView.xib */; };
		D530DF8928A701D700AE6967 /* ValueView.swift in Sources */ = {isa = PBXBuildFile; fileRef = D530DF8828A701D700AE6967 /* ValueView.swift */; };
		D530DF8B28A708B200AE6967 /* ExitValueViewController.swift in Sources */ = {isa = PBXBuildFile; fileRef = D530DF8A28A708B200AE6967 /* ExitValueViewController.swift */; };
		D530DF8D28A714F700AE6967 /* EntryValueViewController.swift in Sources */ = {isa = PBXBuildFile; fileRef = D530DF8C28A714F700AE6967 /* EntryValueViewController.swift */; };
		D571C4DB28AC55140069F59B /* Main.storyboard in Resources */ = {isa = PBXBuildFile; fileRef = D571C4DA28AC55140069F59B /* Main.storyboard */; };
		D571C4E628AC55BA0069F59B /* Tutorial4ViewController.swift in Sources */ = {isa = PBXBuildFile; fileRef = D571C4E128AC55BA0069F59B /* Tutorial4ViewController.swift */; };
		D571C4E728AC55BA0069F59B /* Tutorial3ViewController.swift in Sources */ = {isa = PBXBuildFile; fileRef = D571C4E228AC55BA0069F59B /* Tutorial3ViewController.swift */; };
		D571C4E828AC55BA0069F59B /* Tutorial2ViewController.swift in Sources */ = {isa = PBXBuildFile; fileRef = D571C4E328AC55BA0069F59B /* Tutorial2ViewController.swift */; };
		D571C4E928AC55BA0069F59B /* Tutorial1ViewController.swift in Sources */ = {isa = PBXBuildFile; fileRef = D571C4E428AC55BA0069F59B /* Tutorial1ViewController.swift */; };
		D571C4EA28AC55BA0069F59B /* WelcomeTutorial.storyboard in Resources */ = {isa = PBXBuildFile; fileRef = D571C4E528AC55BA0069F59B /* WelcomeTutorial.storyboard */; };
		D592293628A479BA001A3762 /* HomeViewController.swift in Sources */ = {isa = PBXBuildFile; fileRef = D592293528A479BA001A3762 /* HomeViewController.swift */; };
		D592293828A479DB001A3762 /* Home.storyboard in Resources */ = {isa = PBXBuildFile; fileRef = D592293728A479DB001A3762 /* Home.storyboard */; };
		D592293A28A482BA001A3762 /* ValuesManagerView.xib in Resources */ = {isa = PBXBuildFile; fileRef = D592293928A482BA001A3762 /* ValuesManagerView.xib */; };
		D592293C28A482CC001A3762 /* ValuesManagerView.swift in Sources */ = {isa = PBXBuildFile; fileRef = D592293B28A482CC001A3762 /* ValuesManagerView.swift */; };
/* End PBXBuildFile section */

/* Begin PBXFileReference section */
		150188F05D370B5AAA144100 /* Pods-SeguraeApp.release.xcconfig */ = {isa = PBXFileReference; includeInIndex = 1; lastKnownFileType = text.xcconfig; name = "Pods-SeguraeApp.release.xcconfig"; path = "Target Support Files/Pods-SeguraeApp/Pods-SeguraeApp.release.xcconfig"; sourceTree = "<group>"; };
		474CC8B839F78FFEF4E0BA9F /* Pods_SeguraeApp.framework */ = {isa = PBXFileReference; explicitFileType = wrapper.framework; includeInIndex = 0; path = Pods_SeguraeApp.framework; sourceTree = BUILT_PRODUCTS_DIR; };
		7ADFC0E03A5A07AF7FDE033A /* Pods-SeguraeApp.debug.xcconfig */ = {isa = PBXFileReference; includeInIndex = 1; lastKnownFileType = text.xcconfig; name = "Pods-SeguraeApp.debug.xcconfig"; path = "Target Support Files/Pods-SeguraeApp/Pods-SeguraeApp.debug.xcconfig"; sourceTree = "<group>"; };
		811A395F28A953B40022AF82 /* CreateAccountViewController.swift */ = {isa = PBXFileReference; lastKnownFileType = sourcecode.swift; path = CreateAccountViewController.swift; sourceTree = "<group>"; };
		812E325428A98F7200A64934 /* PasswordRecoverViewController.swift */ = {isa = PBXFileReference; lastKnownFileType = sourcecode.swift; path = PasswordRecoverViewController.swift; sourceTree = "<group>"; };
		81379DC228CFEC440085BC0E /* GoogleService-Info.plist */ = {isa = PBXFileReference; lastKnownFileType = text.plist; path = "GoogleService-Info.plist"; sourceTree = SOURCE_ROOT; };
		814982CC28E0913A002D5C85 /* ExpenseTableViewCellXIB.swift */ = {isa = PBXFileReference; lastKnownFileType = sourcecode.swift; path = ExpenseTableViewCellXIB.swift; sourceTree = "<group>"; };
		8158025A28B50B8A006611A2 /* Expenses.storyboard */ = {isa = PBXFileReference; lastKnownFileType = file.storyboard; path = Expenses.storyboard; sourceTree = "<group>"; };
		8158025C28B56310006611A2 /* CategoryCollectionViewCell.swift */ = {isa = PBXFileReference; lastKnownFileType = sourcecode.swift; path = CategoryCollectionViewCell.swift; sourceTree = "<group>"; };
		8158025D28B56310006611A2 /* CategoryCollectionViewCell.xib */ = {isa = PBXFileReference; lastKnownFileType = file.xib; path = CategoryCollectionViewCell.xib; sourceTree = "<group>"; };
		8158026028B56552006611A2 /* CategoryModel.swift */ = {isa = PBXFileReference; lastKnownFileType = sourcecode.swift; path = CategoryModel.swift; sourceTree = "<group>"; };
		8158026228B56864006611A2 /* ExpensesViewController.swift */ = {isa = PBXFileReference; lastKnownFileType = sourcecode.swift; path = ExpensesViewController.swift; sourceTree = "<group>"; };
		817B364628D7C64B00D3C874 /* SeguraeApp.xcdatamodel */ = {isa = PBXFileReference; lastKnownFileType = wrapper.xcdatamodel; path = SeguraeApp.xcdatamodel; sourceTree = "<group>"; };
		817B364828D7C8F400D3C874 /* ViewControllerCoreData.swift */ = {isa = PBXFileReference; lastKnownFileType = sourcecode.swift; path = ViewControllerCoreData.swift; sourceTree = "<group>"; };
		817B364A28D7D42100D3C874 /* ExpenseTableViewCell.swift */ = {isa = PBXFileReference; lastKnownFileType = sourcecode.swift; path = ExpenseTableViewCell.swift; sourceTree = "<group>"; };
		81DD926228D143EE0059EE51 /* UserModel.swift */ = {isa = PBXFileReference; lastKnownFileType = sourcecode.swift; path = UserModel.swift; sourceTree = "<group>"; };
		81E03B1F28E50F8C00A51234 /* Service.swift */ = {isa = PBXFileReference; lastKnownFileType = sourcecode.swift; path = Service.swift; sourceTree = "<group>"; };
		81E03B2128E50FDF00A51234 /* modelAPI.swift */ = {isa = PBXFileReference; lastKnownFileType = sourcecode.swift; path = modelAPI.swift; sourceTree = "<group>"; };
		81EEFFBF28C5026A00064627 /* RegisterViewController.swift */ = {isa = PBXFileReference; lastKnownFileType = sourcecode.swift; path = RegisterViewController.swift; sourceTree = "<group>"; };
		81EEFFC128C504D500064627 /* LoginViewController.swift */ = {isa = PBXFileReference; lastKnownFileType = sourcecode.swift; path = LoginViewController.swift; sourceTree = "<group>"; };
		9A5F344D28A5BD9600EFA032 /* Config.storyboard */ = {isa = PBXFileReference; lastKnownFileType = file.storyboard; path = Config.storyboard; sourceTree = "<group>"; };
		9A7F1CCA28A7246100CD6FB9 /* ConfigViewController.swift */ = {isa = PBXFileReference; lastKnownFileType = sourcecode.swift; path = ConfigViewController.swift; sourceTree = "<group>"; };
		9AAD8E7428AB4BDF00385A3C /* GeneralModel.swift */ = {isa = PBXFileReference; lastKnownFileType = sourcecode.swift; path = GeneralModel.swift; sourceTree = "<group>"; };
		9AAD8E7828AB4C4A00385A3C /* ProfileTableViewCell.swift */ = {isa = PBXFileReference; lastKnownFileType = sourcecode.swift; path = ProfileTableViewCell.swift; sourceTree = "<group>"; };
		9AAD8E7928AB4C4A00385A3C /* ProfileTableViewCell.xib */ = {isa = PBXFileReference; lastKnownFileType = file.xib; path = ProfileTableViewCell.xib; sourceTree = "<group>"; };
		9AAD8E7D28AB4F9F00385A3C /* SecurityTableViewCell.swift */ = {isa = PBXFileReference; lastKnownFileType = sourcecode.swift; path = SecurityTableViewCell.swift; sourceTree = "<group>"; };
		9AAD8E7E28AB4F9F00385A3C /* SecurityTableViewCell.xib */ = {isa = PBXFileReference; lastKnownFileType = file.xib; path = SecurityTableViewCell.xib; sourceTree = "<group>"; };
		9AAD8E8328AB51CD00385A3C /* OthersOptionsTableViewCell.swift */ = {isa = PBXFileReference; lastKnownFileType = sourcecode.swift; path = OthersOptionsTableViewCell.swift; sourceTree = "<group>"; };
		9AAD8E8428AB51CD00385A3C /* OthersOptionsTableViewCell.xib */ = {isa = PBXFileReference; lastKnownFileType = file.xib; path = OthersOptionsTableViewCell.xib; sourceTree = "<group>"; };
		9AAD8E8A28AB54A600385A3C /* ExitTableViewCell.swift */ = {isa = PBXFileReference; lastKnownFileType = sourcecode.swift; path = ExitTableViewCell.swift; sourceTree = "<group>"; };
		9AAD8E8B28AB54A600385A3C /* ExitTableViewCell.xib */ = {isa = PBXFileReference; lastKnownFileType = file.xib; path = ExitTableViewCell.xib; sourceTree = "<group>"; };
		9AE5F15128B1C110004382F2 /* CurrentPasswordViewController.swift */ = {isa = PBXFileReference; lastKnownFileType = sourcecode.swift; path = CurrentPasswordViewController.swift; sourceTree = "<group>"; };
		9AE5F15528B1C7D2004382F2 /* NewPasswordViewController.swift */ = {isa = PBXFileReference; lastKnownFileType = sourcecode.swift; path = NewPasswordViewController.swift; sourceTree = "<group>"; };
		9AE5F15928B1CA3A004382F2 /* ConfirmNewPasswordViewController.swift */ = {isa = PBXFileReference; lastKnownFileType = sourcecode.swift; path = ConfirmNewPasswordViewController.swift; sourceTree = "<group>"; };
		9AE5F15E28B1CE12004382F2 /* CreatePasswordViewController.swift */ = {isa = PBXFileReference; lastKnownFileType = sourcecode.swift; path = CreatePasswordViewController.swift; sourceTree = "<group>"; };
		9AE5F16128B1CECA004382F2 /* ConfirmPasswordViewController.swift */ = {isa = PBXFileReference; lastKnownFileType = sourcecode.swift; path = ConfirmPasswordViewController.swift; sourceTree = "<group>"; };
		9AE5F16628B1D342004382F2 /* DeleteAllViewController.swift */ = {isa = PBXFileReference; lastKnownFileType = sourcecode.swift; name = DeleteAllViewController.swift; path = SeguraeApp/Config/DeleteAllViewController.swift; sourceTree = SOURCE_ROOT; };
		D511A26D28A1C12A008D6E69 /* SeguraeApp.app */ = {isa = PBXFileReference; explicitFileType = wrapper.application; includeInIndex = 0; path = SeguraeApp.app; sourceTree = BUILT_PRODUCTS_DIR; };
		D511A27028A1C12A008D6E69 /* AppDelegate.swift */ = {isa = PBXFileReference; lastKnownFileType = sourcecode.swift; path = AppDelegate.swift; sourceTree = "<group>"; };
		D511A27228A1C12A008D6E69 /* SceneDelegate.swift */ = {isa = PBXFileReference; lastKnownFileType = sourcecode.swift; path = SceneDelegate.swift; sourceTree = "<group>"; };
		D511A27728A1C12A008D6E69 /* Base */ = {isa = PBXFileReference; lastKnownFileType = file.storyboard; name = Base; path = Base.lproj/LoginCreateAccount.storyboard; sourceTree = "<group>"; };
		D511A27928A1C12C008D6E69 /* Assets.xcassets */ = {isa = PBXFileReference; lastKnownFileType = folder.assetcatalog; path = Assets.xcassets; sourceTree = "<group>"; };
		D511A27C28A1C12C008D6E69 /* Base */ = {isa = PBXFileReference; lastKnownFileType = file.storyboard; name = Base; path = Base.lproj/LaunchScreen.storyboard; sourceTree = "<group>"; };
		D511A27E28A1C12C008D6E69 /* Info.plist */ = {isa = PBXFileReference; lastKnownFileType = text.plist.xml; path = Info.plist; sourceTree = "<group>"; };
		D530DF7828A6A1F200AE6967 /* InformationView.xib */ = {isa = PBXFileReference; lastKnownFileType = file.xib; path = InformationView.xib; sourceTree = "<group>"; };
		D530DF7A28A6A20C00AE6967 /* InformationView.swift */ = {isa = PBXFileReference; lastKnownFileType = sourcecode.swift; path = InformationView.swift; sourceTree = "<group>"; };
		D530DF7C28A6A6A300AE6967 /* InputValueTableViewCell.swift */ = {isa = PBXFileReference; lastKnownFileType = sourcecode.swift; path = InputValueTableViewCell.swift; sourceTree = "<group>"; };
		D530DF7D28A6A6A300AE6967 /* InputValueTableViewCell.xib */ = {isa = PBXFileReference; lastKnownFileType = file.xib; path = InputValueTableViewCell.xib; sourceTree = "<group>"; };
		D530DF8028A6B9F400AE6967 /* EnterFinancialValueViewController.swift */ = {isa = PBXFileReference; lastKnownFileType = sourcecode.swift; path = EnterFinancialValueViewController.swift; sourceTree = "<group>"; };
		D530DF8228A6BA0C00AE6967 /* FinancialManager.storyboard */ = {isa = PBXFileReference; lastKnownFileType = file.storyboard; path = FinancialManager.storyboard; sourceTree = "<group>"; };
		D530DF8428A6CE8C00AE6967 /* ExitFinancialValueViewController.swift */ = {isa = PBXFileReference; lastKnownFileType = sourcecode.swift; path = ExitFinancialValueViewController.swift; sourceTree = "<group>"; };
		D530DF8628A7013A00AE6967 /* ValueView.xib */ = {isa = PBXFileReference; lastKnownFileType = file.xib; path = ValueView.xib; sourceTree = "<group>"; };
		D530DF8828A701D700AE6967 /* ValueView.swift */ = {isa = PBXFileReference; lastKnownFileType = sourcecode.swift; path = ValueView.swift; sourceTree = "<group>"; };
		D530DF8A28A708B200AE6967 /* ExitValueViewController.swift */ = {isa = PBXFileReference; lastKnownFileType = sourcecode.swift; path = ExitValueViewController.swift; sourceTree = "<group>"; };
		D530DF8C28A714F700AE6967 /* EntryValueViewController.swift */ = {isa = PBXFileReference; lastKnownFileType = sourcecode.swift; path = EntryValueViewController.swift; sourceTree = "<group>"; };
		D571C4DA28AC55140069F59B /* Main.storyboard */ = {isa = PBXFileReference; lastKnownFileType = file.storyboard; path = Main.storyboard; sourceTree = "<group>"; };
		D571C4E128AC55BA0069F59B /* Tutorial4ViewController.swift */ = {isa = PBXFileReference; fileEncoding = 4; lastKnownFileType = sourcecode.swift; path = Tutorial4ViewController.swift; sourceTree = "<group>"; };
		D571C4E228AC55BA0069F59B /* Tutorial3ViewController.swift */ = {isa = PBXFileReference; fileEncoding = 4; lastKnownFileType = sourcecode.swift; path = Tutorial3ViewController.swift; sourceTree = "<group>"; };
		D571C4E328AC55BA0069F59B /* Tutorial2ViewController.swift */ = {isa = PBXFileReference; fileEncoding = 4; lastKnownFileType = sourcecode.swift; path = Tutorial2ViewController.swift; sourceTree = "<group>"; };
		D571C4E428AC55BA0069F59B /* Tutorial1ViewController.swift */ = {isa = PBXFileReference; fileEncoding = 4; lastKnownFileType = sourcecode.swift; path = Tutorial1ViewController.swift; sourceTree = "<group>"; };
		D571C4E528AC55BA0069F59B /* WelcomeTutorial.storyboard */ = {isa = PBXFileReference; fileEncoding = 4; lastKnownFileType = file.storyboard; path = WelcomeTutorial.storyboard; sourceTree = "<group>"; };
		D592293528A479BA001A3762 /* HomeViewController.swift */ = {isa = PBXFileReference; lastKnownFileType = sourcecode.swift; path = HomeViewController.swift; sourceTree = "<group>"; };
		D592293728A479DB001A3762 /* Home.storyboard */ = {isa = PBXFileReference; lastKnownFileType = file.storyboard; path = Home.storyboard; sourceTree = "<group>"; };
		D592293928A482BA001A3762 /* ValuesManagerView.xib */ = {isa = PBXFileReference; lastKnownFileType = file.xib; path = ValuesManagerView.xib; sourceTree = "<group>"; };
		D592293B28A482CC001A3762 /* ValuesManagerView.swift */ = {isa = PBXFileReference; lastKnownFileType = sourcecode.swift; path = ValuesManagerView.swift; sourceTree = "<group>"; };
/* End PBXFileReference section */

/* Begin PBXFrameworksBuildPhase section */
		D511A26A28A1C12A008D6E69 /* Frameworks */ = {
			isa = PBXFrameworksBuildPhase;
			buildActionMask = 2147483647;
			files = (
				462995075EC0932C4DCE9850 /* Pods_SeguraeApp.framework in Frameworks */,
			);
			runOnlyForDeploymentPostprocessing = 0;
		};
/* End PBXFrameworksBuildPhase section */

/* Begin PBXGroup section */
		4F28AC148239C768A7180BFA /* Pods */ = {
			isa = PBXGroup;
			children = (
				7ADFC0E03A5A07AF7FDE033A /* Pods-SeguraeApp.debug.xcconfig */,
				150188F05D370B5AAA144100 /* Pods-SeguraeApp.release.xcconfig */,
			);
			path = Pods;
			sourceTree = "<group>";
		};
		7A7954A8236B4A990ADE66AB /* Frameworks */ = {
			isa = PBXGroup;
			children = (
				474CC8B839F78FFEF4E0BA9F /* Pods_SeguraeApp.framework */,
			);
			name = Frameworks;
			sourceTree = "<group>";
		};
		811A395228A93BDA0022AF82 /* Views */ = {
			isa = PBXGroup;
			children = (
				D511A27B28A1C12C008D6E69 /* LaunchScreen.storyboard */,
				D571C4DA28AC55140069F59B /* Main.storyboard */,
			);
			path = Views;
			sourceTree = "<group>";
		};
		811A395E28A94F120022AF82 /* LoginCreateAccount */ = {
			isa = PBXGroup;
			children = (
				D511A27628A1C12A008D6E69 /* LoginCreateAccount.storyboard */,
				81EEFFBF28C5026A00064627 /* RegisterViewController.swift */,
				81EEFFC128C504D500064627 /* LoginViewController.swift */,
				811A395F28A953B40022AF82 /* CreateAccountViewController.swift */,
				812E325428A98F7200A64934 /* PasswordRecoverViewController.swift */,
			);
			path = LoginCreateAccount;
			sourceTree = "<group>";
		};
		8158025928B50B6F006611A2 /* Expenses */ = {
			isa = PBXGroup;
			children = (
				8158025A28B50B8A006611A2 /* Expenses.storyboard */,
				8158026228B56864006611A2 /* ExpensesViewController.swift */,
				8158025C28B56310006611A2 /* CategoryCollectionViewCell.swift */,
				8158025D28B56310006611A2 /* CategoryCollectionViewCell.xib */,
				8158026028B56552006611A2 /* CategoryModel.swift */,
			);
			path = Expenses;
			sourceTree = "<group>";
		};
		81DD926128D143DE0059EE51 /* Models */ = {
			isa = PBXGroup;
			children = (
				81DD926228D143EE0059EE51 /* UserModel.swift */,
				81E03B2128E50FDF00A51234 /* modelAPI.swift */,
			);
			path = Models;
			sourceTree = "<group>";
		};
		81E03B1E28E50F5700A51234 /* Services */ = {
			isa = PBXGroup;
			children = (
				81E03B1F28E50F8C00A51234 /* Service.swift */,
			);
			path = Services;
			sourceTree = "<group>";
		};
		81E03B2328E519FE00A51234 /* Improvements */ = {
			isa = PBXGroup;
			children = (
				D530DF8628A7013A00AE6967 /* ValueView.xib */,
				D530DF8A28A708B200AE6967 /* ExitValueViewController.swift */,
				D530DF8828A701D700AE6967 /* ValueView.swift */,
				D530DF8C28A714F700AE6967 /* EntryValueViewController.swift */,
				817B364A28D7D42100D3C874 /* ExpenseTableViewCell.swift */,
				814982CC28E0913A002D5C85 /* ExpenseTableViewCellXIB.swift */,
				D530DF8028A6B9F400AE6967 /* EnterFinancialValueViewController.swift */,
			);
			path = Improvements;
			sourceTree = "<group>";
		};
		9A5F344C28A5BD4900EFA032 /* Config */ = {
			isa = PBXGroup;
			children = (
				9A5F344D28A5BD9600EFA032 /* Config.storyboard */,
				9A7F1CCA28A7246100CD6FB9 /* ConfigViewController.swift */,
				9AAD8E7428AB4BDF00385A3C /* GeneralModel.swift */,
				9AE5F14B28B1BE8E004382F2 /* Profile */,
				9AE5F14C28B1BE9C004382F2 /* Security */,
				9AE5F14D28B1BEA9004382F2 /* OthersOptions */,
				9AE5F14F28B1BEB9004382F2 /* Exit */,
			);
			path = Config;
			sourceTree = "<group>";
		};
		9AE5F14B28B1BE8E004382F2 /* Profile */ = {
			isa = PBXGroup;
			children = (
				9AAD8E7828AB4C4A00385A3C /* ProfileTableViewCell.swift */,
				9AAD8E7928AB4C4A00385A3C /* ProfileTableViewCell.xib */,
				9AE5F15128B1C110004382F2 /* CurrentPasswordViewController.swift */,
				9AE5F15528B1C7D2004382F2 /* NewPasswordViewController.swift */,
				9AE5F15928B1CA3A004382F2 /* ConfirmNewPasswordViewController.swift */,
			);
			path = Profile;
			sourceTree = "<group>";
		};
		9AE5F14C28B1BE9C004382F2 /* Security */ = {
			isa = PBXGroup;
			children = (
				9AAD8E7D28AB4F9F00385A3C /* SecurityTableViewCell.swift */,
				9AAD8E7E28AB4F9F00385A3C /* SecurityTableViewCell.xib */,
				9AE5F15E28B1CE12004382F2 /* CreatePasswordViewController.swift */,
				9AE5F16128B1CECA004382F2 /* ConfirmPasswordViewController.swift */,
			);
			path = Security;
			sourceTree = "<group>";
		};
		9AE5F14D28B1BEA9004382F2 /* OthersOptions */ = {
			isa = PBXGroup;
			children = (
				9AAD8E8328AB51CD00385A3C /* OthersOptionsTableViewCell.swift */,
				9AAD8E8428AB51CD00385A3C /* OthersOptionsTableViewCell.xib */,
				9AE5F16628B1D342004382F2 /* DeleteAllViewController.swift */,
			);
			path = OthersOptions;
			sourceTree = "<group>";
		};
		9AE5F14F28B1BEB9004382F2 /* Exit */ = {
			isa = PBXGroup;
			children = (
				9AAD8E8A28AB54A600385A3C /* ExitTableViewCell.swift */,
				9AAD8E8B28AB54A600385A3C /* ExitTableViewCell.xib */,
			);
			path = Exit;
			sourceTree = "<group>";
		};
		D511A26428A1C129008D6E69 = {
			isa = PBXGroup;
			children = (
				D511A26F28A1C12A008D6E69 /* SeguraeApp */,
				D511A26E28A1C12A008D6E69 /* Products */,
				4F28AC148239C768A7180BFA /* Pods */,
				7A7954A8236B4A990ADE66AB /* Frameworks */,
			);
			sourceTree = "<group>";
		};
		D511A26E28A1C12A008D6E69 /* Products */ = {
			isa = PBXGroup;
			children = (
				D511A26D28A1C12A008D6E69 /* SeguraeApp.app */,
			);
			name = Products;
			sourceTree = "<group>";
		};
		D511A26F28A1C12A008D6E69 /* SeguraeApp */ = {
			isa = PBXGroup;
			children = (
				81E03B1E28E50F5700A51234 /* Services */,
				81DD926128D143DE0059EE51 /* Models */,
				8158025928B50B6F006611A2 /* Expenses */,
				9A5F344C28A5BD4900EFA032 /* Config */,
				D530DF7728A6A13400AE6967 /* FinancialManager */,
				D592293428A47972001A3762 /* Home */,
				D571C4E028AC559F0069F59B /* WelcomeTutorial */,
				811A395E28A94F120022AF82 /* LoginCreateAccount */,
				811A395228A93BDA0022AF82 /* Views */,
				D511A27E28A1C12C008D6E69 /* Info.plist */,
				D511A27928A1C12C008D6E69 /* Assets.xcassets */,
				D511A27228A1C12A008D6E69 /* SceneDelegate.swift */,
				817B364828D7C8F400D3C874 /* ViewControllerCoreData.swift */,
				D511A27028A1C12A008D6E69 /* AppDelegate.swift */,
				81379DC228CFEC440085BC0E /* GoogleService-Info.plist */,
				817B364528D7C64B00D3C874 /* SeguraeApp.xcdatamodeld */,
				81E03B2328E519FE00A51234 /* Improvements */,
			);
			path = SeguraeApp;
			sourceTree = "<group>";
		};
		D530DF7728A6A13400AE6967 /* FinancialManager */ = {
			isa = PBXGroup;
			children = (
				D530DF8228A6BA0C00AE6967 /* FinancialManager.storyboard */,
				D530DF8428A6CE8C00AE6967 /* ExitFinancialValueViewController.swift */,
				D530DF7828A6A1F200AE6967 /* InformationView.xib */,
				D530DF7A28A6A20C00AE6967 /* InformationView.swift */,
				D530DF7D28A6A6A300AE6967 /* InputValueTableViewCell.xib */,
				D530DF7C28A6A6A300AE6967 /* InputValueTableViewCell.swift */,
			);
			path = FinancialManager;
			sourceTree = "<group>";
		};
		D571C4E028AC559F0069F59B /* WelcomeTutorial */ = {
			isa = PBXGroup;
			children = (
				D571C4E428AC55BA0069F59B /* Tutorial1ViewController.swift */,
				D571C4E328AC55BA0069F59B /* Tutorial2ViewController.swift */,
				D571C4E228AC55BA0069F59B /* Tutorial3ViewController.swift */,
				D571C4E128AC55BA0069F59B /* Tutorial4ViewController.swift */,
				D571C4E528AC55BA0069F59B /* WelcomeTutorial.storyboard */,
			);
			path = WelcomeTutorial;
			sourceTree = "<group>";
		};
		D592293428A47972001A3762 /* Home */ = {
			isa = PBXGroup;
			children = (
				D592293728A479DB001A3762 /* Home.storyboard */,
				D592293528A479BA001A3762 /* HomeViewController.swift */,
				D592293928A482BA001A3762 /* ValuesManagerView.xib */,
				D592293B28A482CC001A3762 /* ValuesManagerView.swift */,
			);
			path = Home;
			sourceTree = "<group>";
		};
/* End PBXGroup section */

/* Begin PBXNativeTarget section */
		D511A26C28A1C12A008D6E69 /* SeguraeApp */ = {
			isa = PBXNativeTarget;
			buildConfigurationList = D511A28128A1C12C008D6E69 /* Build configuration list for PBXNativeTarget "SeguraeApp" */;
			buildPhases = (
				0157B78A842CC9DFD84C3151 /* [CP] Check Pods Manifest.lock */,
				D511A26928A1C12A008D6E69 /* Sources */,
				D511A26A28A1C12A008D6E69 /* Frameworks */,
				D511A26B28A1C12A008D6E69 /* Resources */,
				1AAEA4D568E81D504DCCB801 /* [CP] Embed Pods Frameworks */,
			);
			buildRules = (
			);
			dependencies = (
			);
			name = SeguraeApp;
			productName = SeguraeApp;
			productReference = D511A26D28A1C12A008D6E69 /* SeguraeApp.app */;
			productType = "com.apple.product-type.application";
		};
/* End PBXNativeTarget section */

/* Begin PBXProject section */
		D511A26528A1C129008D6E69 /* Project object */ = {
			isa = PBXProject;
			attributes = {
				BuildIndependentTargetsInParallel = 1;
				LastSwiftUpdateCheck = 1340;
				LastUpgradeCheck = 1340;
				TargetAttributes = {
					D511A26C28A1C12A008D6E69 = {
						CreatedOnToolsVersion = 13.4.1;
					};
				};
			};
			buildConfigurationList = D511A26828A1C129008D6E69 /* Build configuration list for PBXProject "SeguraeApp" */;
			compatibilityVersion = "Xcode 12.0";
			developmentRegion = en;
			hasScannedForEncodings = 0;
			knownRegions = (
				en,
				Base,
			);
			mainGroup = D511A26428A1C129008D6E69;
			productRefGroup = D511A26E28A1C12A008D6E69 /* Products */;
			projectDirPath = "";
			projectRoot = "";
			targets = (
				D511A26C28A1C12A008D6E69 /* SeguraeApp */,
			);
		};
/* End PBXProject section */

/* Begin PBXResourcesBuildPhase section */
		D511A26B28A1C12A008D6E69 /* Resources */ = {
			isa = PBXResourcesBuildPhase;
			buildActionMask = 2147483647;
			files = (
				9AAD8E8628AB51CD00385A3C /* OthersOptionsTableViewCell.xib in Resources */,
				8158025B28B50B8A006611A2 /* Expenses.storyboard in Resources */,
				D530DF8728A7013A00AE6967 /* ValueView.xib in Resources */,
				D592293A28A482BA001A3762 /* ValuesManagerView.xib in Resources */,
				D530DF7F28A6A6A300AE6967 /* InputValueTableViewCell.xib in Resources */,
				D530DF8328A6BA0C00AE6967 /* FinancialManager.storyboard in Resources */,
				8158025F28B56310006611A2 /* CategoryCollectionViewCell.xib in Resources */,
				D511A27D28A1C12C008D6E69 /* LaunchScreen.storyboard in Resources */,
				9AAD8E8028AB4F9F00385A3C /* SecurityTableViewCell.xib in Resources */,
				9AAD8E8D28AB54A600385A3C /* ExitTableViewCell.xib in Resources */,
				D511A27A28A1C12C008D6E69 /* Assets.xcassets in Resources */,
				81379DC328CFEC440085BC0E /* GoogleService-Info.plist in Resources */,
				9A5F344E28A5BD9600EFA032 /* Config.storyboard in Resources */,
				9AAD8E7B28AB4C4A00385A3C /* ProfileTableViewCell.xib in Resources */,
				D530DF7928A6A1F200AE6967 /* InformationView.xib in Resources */,
				D592293828A479DB001A3762 /* Home.storyboard in Resources */,
				D511A27828A1C12A008D6E69 /* LoginCreateAccount.storyboard in Resources */,
				D571C4DB28AC55140069F59B /* Main.storyboard in Resources */,
				D571C4EA28AC55BA0069F59B /* WelcomeTutorial.storyboard in Resources */,
			);
			runOnlyForDeploymentPostprocessing = 0;
		};
/* End PBXResourcesBuildPhase section */

/* Begin PBXShellScriptBuildPhase section */
		0157B78A842CC9DFD84C3151 /* [CP] Check Pods Manifest.lock */ = {
			isa = PBXShellScriptBuildPhase;
			buildActionMask = 2147483647;
			files = (
			);
			inputFileListPaths = (
			);
			inputPaths = (
				"${PODS_PODFILE_DIR_PATH}/Podfile.lock",
				"${PODS_ROOT}/Manifest.lock",
			);
			name = "[CP] Check Pods Manifest.lock";
			outputFileListPaths = (
			);
			outputPaths = (
				"$(DERIVED_FILE_DIR)/Pods-SeguraeApp-checkManifestLockResult.txt",
			);
			runOnlyForDeploymentPostprocessing = 0;
			shellPath = /bin/sh;
			shellScript = "diff \"${PODS_PODFILE_DIR_PATH}/Podfile.lock\" \"${PODS_ROOT}/Manifest.lock\" > /dev/null\nif [ $? != 0 ] ; then\n    # print error to STDERR\n    echo \"error: The sandbox is not in sync with the Podfile.lock. Run 'pod install' or update your CocoaPods installation.\" >&2\n    exit 1\nfi\n# This output is used by Xcode 'outputs' to avoid re-running this script phase.\necho \"SUCCESS\" > \"${SCRIPT_OUTPUT_FILE_0}\"\n";
			showEnvVarsInLog = 0;
		};
		1AAEA4D568E81D504DCCB801 /* [CP] Embed Pods Frameworks */ = {
			isa = PBXShellScriptBuildPhase;
			buildActionMask = 2147483647;
			files = (
			);
			inputFileListPaths = (
				"${PODS_ROOT}/Target Support Files/Pods-SeguraeApp/Pods-SeguraeApp-frameworks-${CONFIGURATION}-input-files.xcfilelist",
			);
			name = "[CP] Embed Pods Frameworks";
			outputFileListPaths = (
				"${PODS_ROOT}/Target Support Files/Pods-SeguraeApp/Pods-SeguraeApp-frameworks-${CONFIGURATION}-output-files.xcfilelist",
			);
			runOnlyForDeploymentPostprocessing = 0;
			shellPath = /bin/sh;
			shellScript = "\"${PODS_ROOT}/Target Support Files/Pods-SeguraeApp/Pods-SeguraeApp-frameworks.sh\"\n";
			showEnvVarsInLog = 0;
		};
/* End PBXShellScriptBuildPhase section */

/* Begin PBXSourcesBuildPhase section */
		D511A26928A1C12A008D6E69 /* Sources */ = {
			isa = PBXSourcesBuildPhase;
			buildActionMask = 2147483647;
			files = (
				9AAD8E7528AB4BDF00385A3C /* GeneralModel.swift in Sources */,
				9AAD8E7F28AB4F9F00385A3C /* SecurityTableViewCell.swift in Sources */,
				9AAD8E8C28AB54A600385A3C /* ExitTableViewCell.swift in Sources */,
				9AE5F15228B1C110004382F2 /* CurrentPasswordViewController.swift in Sources */,
				8158025E28B56310006611A2 /* CategoryCollectionViewCell.swift in Sources */,
				D511A27128A1C12A008D6E69 /* AppDelegate.swift in Sources */,
				817B364B28D7D42100D3C874 /* ExpenseTableViewCell.swift in Sources */,
				9AAD8E7A28AB4C4A00385A3C /* ProfileTableViewCell.swift in Sources */,
				817B364928D7C8F400D3C874 /* ViewControllerCoreData.swift in Sources */,
				9A7F1CCB28A7246100CD6FB9 /* ConfigViewController.swift in Sources */,
				9AAD8E8528AB51CD00385A3C /* OthersOptionsTableViewCell.swift in Sources */,
				811A396028A953B40022AF82 /* CreateAccountViewController.swift in Sources */,
				D571C4E928AC55BA0069F59B /* Tutorial1ViewController.swift in Sources */,
				9AE5F16728B1D342004382F2 /* DeleteAllViewController.swift in Sources */,
				9AE5F16228B1CECA004382F2 /* ConfirmPasswordViewController.swift in Sources */,
				D571C4E828AC55BA0069F59B /* Tutorial2ViewController.swift in Sources */,
				9AE5F15628B1C7D2004382F2 /* NewPasswordViewController.swift in Sources */,
				812E325528A98F7200A64934 /* PasswordRecoverViewController.swift in Sources */,
				9AE5F15A28B1CA3A004382F2 /* ConfirmNewPasswordViewController.swift in Sources */,
				D511A27128A1C12A008D6E69 /* AppDelegate.swift in Sources */,
				D530DF8B28A708B200AE6967 /* ExitValueViewController.swift in Sources */,
				8158026328B56864006611A2 /* ExpensesViewController.swift in Sources */,
				9AE5F15F28B1CE12004382F2 /* CreatePasswordViewController.swift in Sources */,
				D571C4E628AC55BA0069F59B /* Tutorial4ViewController.swift in Sources */,
				D571C4E728AC55BA0069F59B /* Tutorial3ViewController.swift in Sources */,
				D511A27328A1C12A008D6E69 /* SceneDelegate.swift in Sources */,
				D530DF8128A6B9F400AE6967 /* EnterFinancialValueViewController.swift in Sources */,
				81E03B2028E50F8C00A51234 /* Service.swift in Sources */,
				81EEFFC028C5026A00064627 /* RegisterViewController.swift in Sources */,
				D530DF7B28A6A20C00AE6967 /* InformationView.swift in Sources */,
				817B364728D7C64B00D3C874 /* SeguraeApp.xcdatamodeld in Sources */,
				D530DF8528A6CE8C00AE6967 /* ExitFinancialValueViewController.swift in Sources */,
				81E03B2228E50FDF00A51234 /* modelAPI.swift in Sources */,
				81EEFFC228C504D500064627 /* LoginViewController.swift in Sources */,
				D530DF8928A701D700AE6967 /* ValueView.swift in Sources */,
				8158026128B56552006611A2 /* CategoryModel.swift in Sources */,
				D592293628A479BA001A3762 /* HomeViewController.swift in Sources */,
				D592293C28A482CC001A3762 /* ValuesManagerView.swift in Sources */,
				D530DF7E28A6A6A300AE6967 /* InputValueTableViewCell.swift in Sources */,
				81DD926328D143EE0059EE51 /* UserModel.swift in Sources */,
				814982CE28E0913A002D5C85 /* ExpenseTableViewCellXIB.swift in Sources */,
				D530DF8D28A714F700AE6967 /* EntryValueViewController.swift in Sources */,
			);
			runOnlyForDeploymentPostprocessing = 0;
		};
/* End PBXSourcesBuildPhase section */

/* Begin PBXVariantGroup section */
		D511A27628A1C12A008D6E69 /* LoginCreateAccount.storyboard */ = {
			isa = PBXVariantGroup;
			children = (
				D511A27728A1C12A008D6E69 /* Base */,
			);
			name = LoginCreateAccount.storyboard;
			sourceTree = "<group>";
		};
		D511A27B28A1C12C008D6E69 /* LaunchScreen.storyboard */ = {
			isa = PBXVariantGroup;
			children = (
				D511A27C28A1C12C008D6E69 /* Base */,
			);
			name = LaunchScreen.storyboard;
			sourceTree = "<group>";
		};
/* End PBXVariantGroup section */

/* Begin XCBuildConfiguration section */
		D511A27F28A1C12C008D6E69 /* Debug */ = {
			isa = XCBuildConfiguration;
			buildSettings = {
				ALWAYS_SEARCH_USER_PATHS = NO;
				CLANG_ANALYZER_NONNULL = YES;
				CLANG_ANALYZER_NUMBER_OBJECT_CONVERSION = YES_AGGRESSIVE;
				CLANG_CXX_LANGUAGE_STANDARD = "gnu++17";
				CLANG_ENABLE_MODULES = YES;
				CLANG_ENABLE_OBJC_ARC = YES;
				CLANG_ENABLE_OBJC_WEAK = YES;
				CLANG_WARN_BLOCK_CAPTURE_AUTORELEASING = YES;
				CLANG_WARN_BOOL_CONVERSION = YES;
				CLANG_WARN_COMMA = YES;
				CLANG_WARN_CONSTANT_CONVERSION = YES;
				CLANG_WARN_DEPRECATED_OBJC_IMPLEMENTATIONS = YES;
				CLANG_WARN_DIRECT_OBJC_ISA_USAGE = YES_ERROR;
				CLANG_WARN_DOCUMENTATION_COMMENTS = YES;
				CLANG_WARN_EMPTY_BODY = YES;
				CLANG_WARN_ENUM_CONVERSION = YES;
				CLANG_WARN_INFINITE_RECURSION = YES;
				CLANG_WARN_INT_CONVERSION = YES;
				CLANG_WARN_NON_LITERAL_NULL_CONVERSION = YES;
				CLANG_WARN_OBJC_IMPLICIT_RETAIN_SELF = YES;
				CLANG_WARN_OBJC_LITERAL_CONVERSION = YES;
				CLANG_WARN_OBJC_ROOT_CLASS = YES_ERROR;
				CLANG_WARN_QUOTED_INCLUDE_IN_FRAMEWORK_HEADER = YES;
				CLANG_WARN_RANGE_LOOP_ANALYSIS = YES;
				CLANG_WARN_STRICT_PROTOTYPES = YES;
				CLANG_WARN_SUSPICIOUS_MOVE = YES;
				CLANG_WARN_UNGUARDED_AVAILABILITY = YES_AGGRESSIVE;
				CLANG_WARN_UNREACHABLE_CODE = YES;
				CLANG_WARN__DUPLICATE_METHOD_MATCH = YES;
				COPY_PHASE_STRIP = NO;
				DEBUG_INFORMATION_FORMAT = dwarf;
				ENABLE_STRICT_OBJC_MSGSEND = YES;
				ENABLE_TESTABILITY = YES;
				GCC_C_LANGUAGE_STANDARD = gnu11;
				GCC_DYNAMIC_NO_PIC = NO;
				GCC_NO_COMMON_BLOCKS = YES;
				GCC_OPTIMIZATION_LEVEL = 0;
				GCC_PREPROCESSOR_DEFINITIONS = (
					"DEBUG=1",
					"$(inherited)",
				);
				GCC_WARN_64_TO_32_BIT_CONVERSION = YES;
				GCC_WARN_ABOUT_RETURN_TYPE = YES_ERROR;
				GCC_WARN_UNDECLARED_SELECTOR = YES;
				GCC_WARN_UNINITIALIZED_AUTOS = YES_AGGRESSIVE;
				GCC_WARN_UNUSED_FUNCTION = YES;
				GCC_WARN_UNUSED_VARIABLE = YES;
				IPHONEOS_DEPLOYMENT_TARGET = 15.5;
				MTL_ENABLE_DEBUG_INFO = INCLUDE_SOURCE;
				MTL_FAST_MATH = YES;
				ONLY_ACTIVE_ARCH = YES;
				SDKROOT = iphoneos;
				SWIFT_ACTIVE_COMPILATION_CONDITIONS = DEBUG;
				SWIFT_OPTIMIZATION_LEVEL = "-Onone";
			};
			name = Debug;
		};
		D511A28028A1C12C008D6E69 /* Release */ = {
			isa = XCBuildConfiguration;
			buildSettings = {
				ALWAYS_SEARCH_USER_PATHS = NO;
				CLANG_ANALYZER_NONNULL = YES;
				CLANG_ANALYZER_NUMBER_OBJECT_CONVERSION = YES_AGGRESSIVE;
				CLANG_CXX_LANGUAGE_STANDARD = "gnu++17";
				CLANG_ENABLE_MODULES = YES;
				CLANG_ENABLE_OBJC_ARC = YES;
				CLANG_ENABLE_OBJC_WEAK = YES;
				CLANG_WARN_BLOCK_CAPTURE_AUTORELEASING = YES;
				CLANG_WARN_BOOL_CONVERSION = YES;
				CLANG_WARN_COMMA = YES;
				CLANG_WARN_CONSTANT_CONVERSION = YES;
				CLANG_WARN_DEPRECATED_OBJC_IMPLEMENTATIONS = YES;
				CLANG_WARN_DIRECT_OBJC_ISA_USAGE = YES_ERROR;
				CLANG_WARN_DOCUMENTATION_COMMENTS = YES;
				CLANG_WARN_EMPTY_BODY = YES;
				CLANG_WARN_ENUM_CONVERSION = YES;
				CLANG_WARN_INFINITE_RECURSION = YES;
				CLANG_WARN_INT_CONVERSION = YES;
				CLANG_WARN_NON_LITERAL_NULL_CONVERSION = YES;
				CLANG_WARN_OBJC_IMPLICIT_RETAIN_SELF = YES;
				CLANG_WARN_OBJC_LITERAL_CONVERSION = YES;
				CLANG_WARN_OBJC_ROOT_CLASS = YES_ERROR;
				CLANG_WARN_QUOTED_INCLUDE_IN_FRAMEWORK_HEADER = YES;
				CLANG_WARN_RANGE_LOOP_ANALYSIS = YES;
				CLANG_WARN_STRICT_PROTOTYPES = YES;
				CLANG_WARN_SUSPICIOUS_MOVE = YES;
				CLANG_WARN_UNGUARDED_AVAILABILITY = YES_AGGRESSIVE;
				CLANG_WARN_UNREACHABLE_CODE = YES;
				CLANG_WARN__DUPLICATE_METHOD_MATCH = YES;
				COPY_PHASE_STRIP = NO;
				DEBUG_INFORMATION_FORMAT = "dwarf-with-dsym";
				ENABLE_NS_ASSERTIONS = NO;
				ENABLE_STRICT_OBJC_MSGSEND = YES;
				GCC_C_LANGUAGE_STANDARD = gnu11;
				GCC_NO_COMMON_BLOCKS = YES;
				GCC_WARN_64_TO_32_BIT_CONVERSION = YES;
				GCC_WARN_ABOUT_RETURN_TYPE = YES_ERROR;
				GCC_WARN_UNDECLARED_SELECTOR = YES;
				GCC_WARN_UNINITIALIZED_AUTOS = YES_AGGRESSIVE;
				GCC_WARN_UNUSED_FUNCTION = YES;
				GCC_WARN_UNUSED_VARIABLE = YES;
				IPHONEOS_DEPLOYMENT_TARGET = 15.5;
				MTL_ENABLE_DEBUG_INFO = NO;
				MTL_FAST_MATH = YES;
				SDKROOT = iphoneos;
				SWIFT_COMPILATION_MODE = wholemodule;
				SWIFT_OPTIMIZATION_LEVEL = "-O";
				VALIDATE_PRODUCT = YES;
			};
			name = Release;
		};
		D511A28228A1C12C008D6E69 /* Debug */ = {
			isa = XCBuildConfiguration;
			baseConfigurationReference = 7ADFC0E03A5A07AF7FDE033A /* Pods-SeguraeApp.debug.xcconfig */;
			buildSettings = {
				ASSETCATALOG_COMPILER_APPICON_NAME = AppIcon;
				ASSETCATALOG_COMPILER_GLOBAL_ACCENT_COLOR_NAME = AccentColor;
				CODE_SIGN_STYLE = Automatic;
				CURRENT_PROJECT_VERSION = 1;
				GENERATE_INFOPLIST_FILE = YES;
				INFOPLIST_FILE = SeguraeApp/Info.plist;
				INFOPLIST_KEY_UIApplicationSupportsIndirectInputEvents = YES;
				INFOPLIST_KEY_UILaunchStoryboardName = LaunchScreen;
				INFOPLIST_KEY_UIMainStoryboardFile = Main;
				INFOPLIST_KEY_UISupportedInterfaceOrientations_iPad = "UIInterfaceOrientationPortrait UIInterfaceOrientationPortraitUpsideDown UIInterfaceOrientationLandscapeLeft UIInterfaceOrientationLandscapeRight";
				INFOPLIST_KEY_UISupportedInterfaceOrientations_iPhone = "UIInterfaceOrientationPortrait UIInterfaceOrientationLandscapeLeft UIInterfaceOrientationLandscapeRight";
				IPHONEOS_DEPLOYMENT_TARGET = 15.5;
				LD_RUNPATH_SEARCH_PATHS = (
					"$(inherited)",
					"@executable_path/Frameworks",
				);
				MARKETING_VERSION = 1.0;
				PRODUCT_BUNDLE_IDENTIFIER = com.karoline.SeguraeApp;
				PRODUCT_NAME = "$(TARGET_NAME)";
				SWIFT_EMIT_LOC_STRINGS = YES;
				SWIFT_VERSION = 5.0;
				TARGETED_DEVICE_FAMILY = "1,2";
			};
			name = Debug;
		};
		D511A28328A1C12C008D6E69 /* Release */ = {
			isa = XCBuildConfiguration;
			baseConfigurationReference = 150188F05D370B5AAA144100 /* Pods-SeguraeApp.release.xcconfig */;
			buildSettings = {
				ASSETCATALOG_COMPILER_APPICON_NAME = AppIcon;
				ASSETCATALOG_COMPILER_GLOBAL_ACCENT_COLOR_NAME = AccentColor;
				CODE_SIGN_STYLE = Automatic;
				CURRENT_PROJECT_VERSION = 1;
				GENERATE_INFOPLIST_FILE = YES;
				INFOPLIST_FILE = SeguraeApp/Info.plist;
				INFOPLIST_KEY_UIApplicationSupportsIndirectInputEvents = YES;
				INFOPLIST_KEY_UILaunchStoryboardName = LaunchScreen;
				INFOPLIST_KEY_UIMainStoryboardFile = Main;
				INFOPLIST_KEY_UISupportedInterfaceOrientations_iPad = "UIInterfaceOrientationPortrait UIInterfaceOrientationPortraitUpsideDown UIInterfaceOrientationLandscapeLeft UIInterfaceOrientationLandscapeRight";
				INFOPLIST_KEY_UISupportedInterfaceOrientations_iPhone = "UIInterfaceOrientationPortrait UIInterfaceOrientationLandscapeLeft UIInterfaceOrientationLandscapeRight";
				IPHONEOS_DEPLOYMENT_TARGET = 15.5;
				LD_RUNPATH_SEARCH_PATHS = (
					"$(inherited)",
					"@executable_path/Frameworks",
				);
				MARKETING_VERSION = 1.0;
				PRODUCT_BUNDLE_IDENTIFIER = com.karoline.SeguraeApp;
				PRODUCT_NAME = "$(TARGET_NAME)";
				SWIFT_EMIT_LOC_STRINGS = YES;
				SWIFT_VERSION = 5.0;
				TARGETED_DEVICE_FAMILY = "1,2";
			};
			name = Release;
		};
/* End XCBuildConfiguration section */

/* Begin XCConfigurationList section */
		D511A26828A1C129008D6E69 /* Build configuration list for PBXProject "SeguraeApp" */ = {
			isa = XCConfigurationList;
			buildConfigurations = (
				D511A27F28A1C12C008D6E69 /* Debug */,
				D511A28028A1C12C008D6E69 /* Release */,
			);
			defaultConfigurationIsVisible = 0;
			defaultConfigurationName = Release;
		};
		D511A28128A1C12C008D6E69 /* Build configuration list for PBXNativeTarget "SeguraeApp" */ = {
			isa = XCConfigurationList;
			buildConfigurations = (
				D511A28228A1C12C008D6E69 /* Debug */,
				D511A28328A1C12C008D6E69 /* Release */,
			);
			defaultConfigurationIsVisible = 0;
			defaultConfigurationName = Release;
		};
/* End XCConfigurationList section */

/* Begin XCVersionGroup section */
		817B364528D7C64B00D3C874 /* SeguraeApp.xcdatamodeld */ = {
			isa = XCVersionGroup;
			children = (
				817B364628D7C64B00D3C874 /* SeguraeApp.xcdatamodel */,
			);
			currentVersion = 817B364628D7C64B00D3C874 /* SeguraeApp.xcdatamodel */;
			path = SeguraeApp.xcdatamodeld;
			sourceTree = "<group>";
			versionGroupType = wrapper.xcdatamodel;
		};
/* End XCVersionGroup section */
	};
	rootObject = D511A26528A1C129008D6E69 /* Project object */;
}
